
Microsoft Visual Studio Solution File, Format Version 12.00
Project("{FAE04EC0-301F-11D3-BF4B-00C04F79EFBC}") = "Infrastructure", "src\Infrastructure\Infrastructure.csproj", "{4D177108-740E-45C4-BB4A-3CF6A52435DA}"
EndProject
Project("{FAE04EC0-301F-11D3-BF4B-00C04F79EFBC}") = "Api", "src\Api\Api.csproj", "{A1266809-B67F-403D-8207-9E39B32B0FAA}"
EndProject
Project("{FAE04EC0-301F-11D3-BF4B-00C04F79EFBC}") = "Domain", "src\Domain\Domain.csproj", "{46E29D37-B962-41F6-8454-32C6D02AD7FA}"
EndProject
Global
	GlobalSection(SolutionConfigurationPlatforms) = preSolution
		Debug|Any CPU = Debug|Any CPU
		Release|Any CPU = Release|Any CPU
	EndGlobalSection
	GlobalSection(ProjectConfigurationPlatforms) = postSolution
		{4D177108-740E-45C4-BB4A-3CF6A52435DA}.Debug|Any CPU.ActiveCfg = Debug|Any CPU
		{4D177108-740E-45C4-BB4A-3CF6A52435DA}.Debug|Any CPU.Build.0 = Debug|Any CPU
		{4D177108-740E-45C4-BB4A-3CF6A52435DA}.Release|Any CPU.ActiveCfg = Release|Any CPU
		{4D177108-740E-45C4-BB4A-3CF6A52435DA}.Release|Any CPU.Build.0 = Release|Any CPU
		{A1266809-B67F-403D-8207-9E39B32B0FAA}.Debug|Any CPU.ActiveCfg = Debug|Any CPU
		{A1266809-B67F-403D-8207-9E39B32B0FAA}.Debug|Any CPU.Build.0 = Debug|Any CPU
		{A1266809-B67F-403D-8207-9E39B32B0FAA}.Release|Any CPU.ActiveCfg = Release|Any CPU
		{A1266809-B67F-403D-8207-9E39B32B0FAA}.Release|Any CPU.Build.0 = Release|Any CPU
		{46E29D37-B962-41F6-8454-32C6D02AD7FA}.Debug|Any CPU.ActiveCfg = Debug|Any CPU
		{46E29D37-B962-41F6-8454-32C6D02AD7FA}.Debug|Any CPU.Build.0 = Debug|Any CPU
		{46E29D37-B962-41F6-8454-32C6D02AD7FA}.Release|Any CPU.ActiveCfg = Release|Any CPU
		{46E29D37-B962-41F6-8454-32C6D02AD7FA}.Release|Any CPU.Build.0 = Release|Any CPU
	EndGlobalSection
EndGlobal
